
Microsoft Visual Studio Solution File, Format Version 12.00
# Visual Studio 15
VisualStudioVersion = 15.0.27703.2035
MinimumVisualStudioVersion = 10.0.40219.1
Project("{888888A0-9F3D-457C-B088-3A5042F75D52}") = "IssueInvestigator", "IssueInvestigator.pyproj", "{A63A46EB-29CF-49DA-B4E0-05F76C259AB0}"
EndProject
Global
	GlobalSection(SolutionConfigurationPlatforms) = preSolution
		Debug|Any CPU = Debug|Any CPU
		Release|Any CPU = Release|Any CPU
	EndGlobalSection
	GlobalSection(ProjectConfigurationPlatforms) = postSolution
		{A63A46EB-29CF-49DA-B4E0-05F76C259AB0}.Debug|Any CPU.ActiveCfg = Debug|Any CPU
		{A63A46EB-29CF-49DA-B4E0-05F76C259AB0}.Release|Any CPU.ActiveCfg = Release|Any CPU
	EndGlobalSection
	GlobalSection(SolutionProperties) = preSolution
		HideSolutionNode = FALSE
	EndGlobalSection
	GlobalSection(ExtensibilityGlobals) = postSolution
		SolutionGuid = {AAD1F93F-4956-419D-BEB3-CA0CD213DFFD}
	EndGlobalSection
EndGlobal
